
Microsoft Visual Studio Solution File, Format Version 12.00
# Visual Studio Version 17
VisualStudioVersion = 17.5.002.0
MinimumVisualStudioVersion = 10.0.40219.1
Project("{9A19103F-16F7-4668-BE54-9A1E7A4F7556}") = "test.api", "test.api.csproj", "{76BCC795-F8F6-45A2-A04B-9AD434429F42}"
EndProject
Global
	GlobalSection(SolutionConfigurationPlatforms) = preSolution
		Debug|Any CPU = Debug|Any CPU
		Release|Any CPU = Release|Any CPU
	EndGlobalSection
	GlobalSection(ProjectConfigurationPlatforms) = postSolution
		{76BCC795-F8F6-45A2-A04B-9AD434429F42}.Debug|Any CPU.ActiveCfg = Debug|Any CPU
		{76BCC795-F8F6-45A2-A04B-9AD434429F42}.Debug|Any CPU.Build.0 = Debug|Any CPU
		{76BCC795-F8F6-45A2-A04B-9AD434429F42}.Release|Any CPU.ActiveCfg = Release|Any CPU
		{76BCC795-F8F6-45A2-A04B-9AD434429F42}.Release|Any CPU.Build.0 = Release|Any CPU
	EndGlobalSection
	GlobalSection(SolutionProperties) = preSolution
		HideSolutionNode = FALSE
	EndGlobalSection
	GlobalSection(ExtensibilityGlobals) = postSolution
		SolutionGuid = {AE7F9403-2900-47FF-A535-F770C241E6BB}
	EndGlobalSection
EndGlobal
